
Microsoft Visual Studio Solution File, Format Version 12.00
# Visual Studio Version 17
VisualStudioVersion = 17.7.34202.233
MinimumVisualStudioVersion = 10.0.40219.1
Project("{9A19103F-16F7-4668-BE54-9A1E7A4F7556}") = "healthcalc-console-dotnet", "healthcalc-console-dotnet\healthcalc-console-dotnet.csproj", "{67FBF033-9C23-4974-B534-BDFC5DA01850}"
EndProject
Project("{9A19103F-16F7-4668-BE54-9A1E7A4F7556}") = "healthcalc-pack-dotnet", "healthcalc-pack-dotnet\healthcalc-pack-dotnet.csproj", "{0FB35D0E-25C1-435C-992E-36F4BDA09834}"
EndProject
Project("{FAE04EC0-301F-11D3-BF4B-00C04F79EFBC}") = "healthcalc-test-dotnet", "healthcalc-test-dotnet\healthcalc-test-dotnet.csproj", "{CACEF304-0ECC-4669-8E05-F3085940B02B}"
EndProject
Global
	GlobalSection(SolutionConfigurationPlatforms) = preSolution
		Debug|Any CPU = Debug|Any CPU
		Release|Any CPU = Release|Any CPU
	EndGlobalSection
	GlobalSection(ProjectConfigurationPlatforms) = postSolution
		{67FBF033-9C23-4974-B534-BDFC5DA01850}.Debug|Any CPU.ActiveCfg = Debug|Any CPU
		{67FBF033-9C23-4974-B534-BDFC5DA01850}.Debug|Any CPU.Build.0 = Debug|Any CPU
		{67FBF033-9C23-4974-B534-BDFC5DA01850}.Release|Any CPU.ActiveCfg = Release|Any CPU
		{67FBF033-9C23-4974-B534-BDFC5DA01850}.Release|Any CPU.Build.0 = Release|Any CPU
		{0FB35D0E-25C1-435C-992E-36F4BDA09834}.Debug|Any CPU.ActiveCfg = Debug|Any CPU
		{0FB35D0E-25C1-435C-992E-36F4BDA09834}.Debug|Any CPU.Build.0 = Debug|Any CPU
		{0FB35D0E-25C1-435C-992E-36F4BDA09834}.Release|Any CPU.ActiveCfg = Release|Any CPU
		{0FB35D0E-25C1-435C-992E-36F4BDA09834}.Release|Any CPU.Build.0 = Release|Any CPU
		{CACEF304-0ECC-4669-8E05-F3085940B02B}.Debug|Any CPU.ActiveCfg = Debug|Any CPU
		{CACEF304-0ECC-4669-8E05-F3085940B02B}.Debug|Any CPU.Build.0 = Debug|Any CPU
		{CACEF304-0ECC-4669-8E05-F3085940B02B}.Release|Any CPU.ActiveCfg = Release|Any CPU
		{CACEF304-0ECC-4669-8E05-F3085940B02B}.Release|Any CPU.Build.0 = Release|Any CPU
	EndGlobalSection
	GlobalSection(SolutionProperties) = preSolution
		HideSolutionNode = FALSE
	EndGlobalSection
	GlobalSection(ExtensibilityGlobals) = postSolution
		SolutionGuid = {B42A5260-9C95-4B5D-A8CA-A7037AA3E5A2}
	EndGlobalSection
EndGlobal
